
Microsoft Visual Studio Solution File, Format Version 12.00
Project("{FAE04EC0-301F-11D3-BF4B-00C04F79EFBC}") = "Todo-Manager", "Todo-Manager\Todo-Manager.csproj", "{5B2B44DB-8C83-4F61-8B48-9C04944AFFF6}"
EndProject
Global
	GlobalSection(SolutionConfigurationPlatforms) = preSolution
		Debug|Any CPU = Debug|Any CPU
		Release|Any CPU = Release|Any CPU
	EndGlobalSection
	GlobalSection(ProjectConfigurationPlatforms) = postSolution
		{5B2B44DB-8C83-4F61-8B48-9C04944AFFF6}.Debug|Any CPU.ActiveCfg = Debug|Any CPU
		{5B2B44DB-8C83-4F61-8B48-9C04944AFFF6}.Debug|Any CPU.Build.0 = Debug|Any CPU
		{5B2B44DB-8C83-4F61-8B48-9C04944AFFF6}.Release|Any CPU.ActiveCfg = Release|Any CPU
		{5B2B44DB-8C83-4F61-8B48-9C04944AFFF6}.Release|Any CPU.Build.0 = Release|Any CPU
	EndGlobalSection
EndGlobal
